
Microsoft Visual Studio Solution File, Format Version 12.00
# Visual Studio Version 17
VisualStudioVersion = 17.1.32328.378
MinimumVisualStudioVersion = 10.0.40219.1
Project("{FAE04EC0-301F-11D3-BF4B-00C04F79EFBC}") = "WebApplication2", "WebApplication2\WebApplication2.csproj", "{D79684CD-860B-435E-81D9-BA85C96AF60A}"
EndProject
Global
	GlobalSection(SolutionConfigurationPlatforms) = preSolution
		Debug|Any CPU = Debug|Any CPU
		Release|Any CPU = Release|Any CPU
	EndGlobalSection
	GlobalSection(ProjectConfigurationPlatforms) = postSolution
		{D79684CD-860B-435E-81D9-BA85C96AF60A}.Debug|Any CPU.ActiveCfg = Debug|Any CPU
		{D79684CD-860B-435E-81D9-BA85C96AF60A}.Debug|Any CPU.Build.0 = Debug|Any CPU
		{D79684CD-860B-435E-81D9-BA85C96AF60A}.Release|Any CPU.ActiveCfg = Release|Any CPU
		{D79684CD-860B-435E-81D9-BA85C96AF60A}.Release|Any CPU.Build.0 = Release|Any CPU
	EndGlobalSection
	GlobalSection(SolutionProperties) = preSolution
		HideSolutionNode = FALSE
	EndGlobalSection
	GlobalSection(ExtensibilityGlobals) = postSolution
		SolutionGuid = {9BF7E451-ED0C-4982-A7C6-FF4F4D8C2902}
	EndGlobalSection
EndGlobal
